
Microsoft Visual Studio Solution File, Format Version 12.00
# Visual Studio Version 17
VisualStudioVersion = 17.1.32414.318
MinimumVisualStudioVersion = 10.0.40219.1
Project("{9A19103F-16F7-4668-BE54-9A1E7A4F7556}") = "MediaFilesServer", "MediaFilesServer\MediaFilesServer.csproj", "{9C80930B-7479-4337-936D-5BC962D03DB5}"
EndProject
Global
	GlobalSection(SolutionConfigurationPlatforms) = preSolution
		Debug|Any CPU = Debug|Any CPU
		Release|Any CPU = Release|Any CPU
	EndGlobalSection
	GlobalSection(ProjectConfigurationPlatforms) = postSolution
		{9C80930B-7479-4337-936D-5BC962D03DB5}.Debug|Any CPU.ActiveCfg = Debug|Any CPU
		{9C80930B-7479-4337-936D-5BC962D03DB5}.Debug|Any CPU.Build.0 = Debug|Any CPU
		{9C80930B-7479-4337-936D-5BC962D03DB5}.Release|Any CPU.ActiveCfg = Release|Any CPU
		{9C80930B-7479-4337-936D-5BC962D03DB5}.Release|Any CPU.Build.0 = Release|Any CPU
	EndGlobalSection
	GlobalSection(SolutionProperties) = preSolution
		HideSolutionNode = FALSE
	EndGlobalSection
	GlobalSection(ExtensibilityGlobals) = postSolution
		SolutionGuid = {B63CBE4C-A861-4437-82A9-8DE12296804B}
	EndGlobalSection
EndGlobal
